
Microsoft Visual Studio Solution File, Format Version 12.00
# Visual Studio Version 16
VisualStudioVersion = 16.0.29001.49
MinimumVisualStudioVersion = 10.0.40219.1
Project("{FAE04EC0-301F-11D3-BF4B-00C04F79EFBC}") = "task_4.1", "Lecture_4\task_4.1.csproj", "{C0E59201-9671-4F3E-9C2C-36BD6FD95EC0}"
EndProject
Project("{FAE04EC0-301F-11D3-BF4B-00C04F79EFBC}") = "task_4.2", "task_4.2\task_4.2.csproj", "{AA080C7A-9347-4BAA-B632-BB98532232CC}"
EndProject
Global
	GlobalSection(SolutionConfigurationPlatforms) = preSolution
		Debug|Any CPU = Debug|Any CPU
		Release|Any CPU = Release|Any CPU
	EndGlobalSection
	GlobalSection(ProjectConfigurationPlatforms) = postSolution
		{C0E59201-9671-4F3E-9C2C-36BD6FD95EC0}.Debug|Any CPU.ActiveCfg = Debug|Any CPU
		{C0E59201-9671-4F3E-9C2C-36BD6FD95EC0}.Debug|Any CPU.Build.0 = Debug|Any CPU
		{C0E59201-9671-4F3E-9C2C-36BD6FD95EC0}.Release|Any CPU.ActiveCfg = Release|Any CPU
		{C0E59201-9671-4F3E-9C2C-36BD6FD95EC0}.Release|Any CPU.Build.0 = Release|Any CPU
		{AA080C7A-9347-4BAA-B632-BB98532232CC}.Debug|Any CPU.ActiveCfg = Debug|Any CPU
		{AA080C7A-9347-4BAA-B632-BB98532232CC}.Debug|Any CPU.Build.0 = Debug|Any CPU
		{AA080C7A-9347-4BAA-B632-BB98532232CC}.Release|Any CPU.ActiveCfg = Release|Any CPU
		{AA080C7A-9347-4BAA-B632-BB98532232CC}.Release|Any CPU.Build.0 = Release|Any CPU
	EndGlobalSection
	GlobalSection(SolutionProperties) = preSolution
		HideSolutionNode = FALSE
	EndGlobalSection
	GlobalSection(ExtensibilityGlobals) = postSolution
		SolutionGuid = {862EB50E-13BA-41E8-A64A-CB14276CCAB7}
	EndGlobalSection
EndGlobal
