
Microsoft Visual Studio Solution File, Format Version 12.00
# Visual Studio Version 16
VisualStudioVersion = 16.0.29001.49
MinimumVisualStudioVersion = 10.0.40219.1
Project("{FAE04EC0-301F-11D3-BF4B-00C04F79EFBC}") = "task_7.1(abstractclass)", "Lecture_7\task_7.1(abstractclass).csproj", "{5796D508-B366-46DF-AD7D-C675A6C3BB2D}"
EndProject
Project("{FAE04EC0-301F-11D3-BF4B-00C04F79EFBC}") = "task_7.1(interface)", "task_7.1(interface)\task_7.1(interface).csproj", "{06DD8717-6199-4D1C-95BB-38C401799545}"
EndProject
Project("{FAE04EC0-301F-11D3-BF4B-00C04F79EFBC}") = "task_7.2", "task_7.2\task_7.2.csproj", "{72A79DB6-53FA-4ACE-998B-6D07EB61E3CF}"
EndProject
Global
	GlobalSection(SolutionConfigurationPlatforms) = preSolution
		Debug|Any CPU = Debug|Any CPU
		Release|Any CPU = Release|Any CPU
	EndGlobalSection
	GlobalSection(ProjectConfigurationPlatforms) = postSolution
		{5796D508-B366-46DF-AD7D-C675A6C3BB2D}.Debug|Any CPU.ActiveCfg = Debug|Any CPU
		{5796D508-B366-46DF-AD7D-C675A6C3BB2D}.Debug|Any CPU.Build.0 = Debug|Any CPU
		{5796D508-B366-46DF-AD7D-C675A6C3BB2D}.Release|Any CPU.ActiveCfg = Release|Any CPU
		{5796D508-B366-46DF-AD7D-C675A6C3BB2D}.Release|Any CPU.Build.0 = Release|Any CPU
		{06DD8717-6199-4D1C-95BB-38C401799545}.Debug|Any CPU.ActiveCfg = Debug|Any CPU
		{06DD8717-6199-4D1C-95BB-38C401799545}.Debug|Any CPU.Build.0 = Debug|Any CPU
		{06DD8717-6199-4D1C-95BB-38C401799545}.Release|Any CPU.ActiveCfg = Release|Any CPU
		{06DD8717-6199-4D1C-95BB-38C401799545}.Release|Any CPU.Build.0 = Release|Any CPU
		{72A79DB6-53FA-4ACE-998B-6D07EB61E3CF}.Debug|Any CPU.ActiveCfg = Debug|Any CPU
		{72A79DB6-53FA-4ACE-998B-6D07EB61E3CF}.Debug|Any CPU.Build.0 = Debug|Any CPU
		{72A79DB6-53FA-4ACE-998B-6D07EB61E3CF}.Release|Any CPU.ActiveCfg = Release|Any CPU
		{72A79DB6-53FA-4ACE-998B-6D07EB61E3CF}.Release|Any CPU.Build.0 = Release|Any CPU
	EndGlobalSection
	GlobalSection(SolutionProperties) = preSolution
		HideSolutionNode = FALSE
	EndGlobalSection
	GlobalSection(ExtensibilityGlobals) = postSolution
		SolutionGuid = {3CB33AB0-61D6-488B-8DC0-340D8B6F26AF}
	EndGlobalSection
EndGlobal
